
Microsoft Visual Studio Solution File, Format Version 12.00
# Visual Studio Version 18
VisualStudioVersion = 18.0.11201.2 d18.0
MinimumVisualStudioVersion = 10.0.40219.1
Project("{FAE04EC0-301F-11D3-BF4B-00C04F79EFBC}") = "Domain", "Domain\Domain.csproj", "{0B854AAD-F893-4FCA-9DB3-652241BF1191}"
EndProject
Project("{FAE04EC0-301F-11D3-BF4B-00C04F79EFBC}") = "Domain.DependencyInjection", "Domain.DependencyInjection\Domain.DependencyInjection.csproj", "{7B846642-F30A-4935-9DBC-EA03480D2753}"
EndProject
Project("{FAE04EC0-301F-11D3-BF4B-00C04F79EFBC}") = "Storage", "Storage\Storage.csproj", "{60EAD48D-72CB-49D4-90B8-1CD9C4E43E33}"
EndProject
Project("{FAE04EC0-301F-11D3-BF4B-00C04F79EFBC}") = "Storage.DependencyInjection", "Storage.DependencyInjection\Storage.DependencyInjection.csproj", "{CD4492C3-FFFF-42A7-A7CA-2F6227DC5695}"
EndProject
Project("{2150E333-8FDC-42A3-9474-1A3956D46DE8}") = "Solution Items", "Solution Items", "{8EC462FD-D22E-90A8-E5CE-7E832BA40C5D}"
	ProjectSection(SolutionItems) = preProject
		docker-compose.yml = docker-compose.yml
		Dockerfile = Dockerfile
		prometheus.yml = prometheus.yml
	EndProjectSection
EndProject
Project("{FAE04EC0-301F-11D3-BF4B-00C04F79EFBC}") = "API", "API\API.csproj", "{CBFA08EA-AECE-205F-7B85-326FD0B81BAD}"
EndProject
Project("{FAE04EC0-301F-11D3-BF4B-00C04F79EFBC}") = "E2E", "E2E\E2E.csproj", "{62634B2B-C485-41F0-9E4A-7CADD2D1AB4F}"
EndProject
Project("{2150E333-8FDC-42A3-9474-1A3956D46DE8}") = "Product.MicroService", "Product.MicroService", "{036A7920-85D1-4424-AD6A-E4F7A3742F8B}"
EndProject
Project("{FAE04EC0-301F-11D3-BF4B-00C04F79EFBC}") = "Product.MicroService.API", "Product.MicroService\Product.MicroService.API\Product.MicroService.API.csproj", "{7779E607-5837-40EA-9C23-7AA08E49D6C3}"
EndProject
Project("{FAE04EC0-301F-11D3-BF4B-00C04F79EFBC}") = "Product.MicroService.Domain", "Product.MicroService\Product.MicroService.Domain\Product.MicroService.Domain.csproj", "{54C08331-6EFE-4C90-91B1-5DD48872AE8C}"
EndProject
Project("{FAE04EC0-301F-11D3-BF4B-00C04F79EFBC}") = "Product.MicroService.Domain.DependencyInjection", "Product.MicroService\Product.MicroService.Domain.DependencyInjection\Product.MicroService.Domain.DependencyInjection.csproj", "{B7A8BF7E-59E2-4C52-9334-42374EE8CD61}"
EndProject
Project("{FAE04EC0-301F-11D3-BF4B-00C04F79EFBC}") = "Product.MicroService.Storage", "Product.MicroService\Product.MicroService.Storage\Product.MicroService.Storage.csproj", "{6E9F745A-820A-43FD-B685-78D24547B3D5}"
EndProject
Project("{FAE04EC0-301F-11D3-BF4B-00C04F79EFBC}") = "Product.MicroService.Storage.DependencyInjection", "Product.MicroService\Product.MicroService.Storage.DependencyInjection\Product.MicroService.Storage.DependencyInjection.csproj", "{55E74C9B-4868-420E-8345-EDF9B1BD5AF8}"
EndProject
Global
	GlobalSection(SolutionConfigurationPlatforms) = preSolution
		Debug|Any CPU = Debug|Any CPU
		Release|Any CPU = Release|Any CPU
	EndGlobalSection
	GlobalSection(ProjectConfigurationPlatforms) = postSolution
		{0B854AAD-F893-4FCA-9DB3-652241BF1191}.Debug|Any CPU.ActiveCfg = Debug|Any CPU
		{0B854AAD-F893-4FCA-9DB3-652241BF1191}.Debug|Any CPU.Build.0 = Debug|Any CPU
		{0B854AAD-F893-4FCA-9DB3-652241BF1191}.Release|Any CPU.ActiveCfg = Release|Any CPU
		{0B854AAD-F893-4FCA-9DB3-652241BF1191}.Release|Any CPU.Build.0 = Release|Any CPU
		{7B846642-F30A-4935-9DBC-EA03480D2753}.Debug|Any CPU.ActiveCfg = Debug|Any CPU
		{7B846642-F30A-4935-9DBC-EA03480D2753}.Debug|Any CPU.Build.0 = Debug|Any CPU
		{7B846642-F30A-4935-9DBC-EA03480D2753}.Release|Any CPU.ActiveCfg = Release|Any CPU
		{7B846642-F30A-4935-9DBC-EA03480D2753}.Release|Any CPU.Build.0 = Release|Any CPU
		{60EAD48D-72CB-49D4-90B8-1CD9C4E43E33}.Debug|Any CPU.ActiveCfg = Debug|Any CPU
		{60EAD48D-72CB-49D4-90B8-1CD9C4E43E33}.Debug|Any CPU.Build.0 = Debug|Any CPU
		{60EAD48D-72CB-49D4-90B8-1CD9C4E43E33}.Release|Any CPU.ActiveCfg = Release|Any CPU
		{60EAD48D-72CB-49D4-90B8-1CD9C4E43E33}.Release|Any CPU.Build.0 = Release|Any CPU
		{CD4492C3-FFFF-42A7-A7CA-2F6227DC5695}.Debug|Any CPU.ActiveCfg = Debug|Any CPU
		{CD4492C3-FFFF-42A7-A7CA-2F6227DC5695}.Debug|Any CPU.Build.0 = Debug|Any CPU
		{CD4492C3-FFFF-42A7-A7CA-2F6227DC5695}.Release|Any CPU.ActiveCfg = Release|Any CPU
		{CD4492C3-FFFF-42A7-A7CA-2F6227DC5695}.Release|Any CPU.Build.0 = Release|Any CPU
		{CBFA08EA-AECE-205F-7B85-326FD0B81BAD}.Debug|Any CPU.ActiveCfg = Debug|Any CPU
		{CBFA08EA-AECE-205F-7B85-326FD0B81BAD}.Debug|Any CPU.Build.0 = Debug|Any CPU
		{CBFA08EA-AECE-205F-7B85-326FD0B81BAD}.Release|Any CPU.ActiveCfg = Release|Any CPU
		{CBFA08EA-AECE-205F-7B85-326FD0B81BAD}.Release|Any CPU.Build.0 = Release|Any CPU
		{62634B2B-C485-41F0-9E4A-7CADD2D1AB4F}.Debug|Any CPU.ActiveCfg = Debug|Any CPU
		{62634B2B-C485-41F0-9E4A-7CADD2D1AB4F}.Debug|Any CPU.Build.0 = Debug|Any CPU
		{62634B2B-C485-41F0-9E4A-7CADD2D1AB4F}.Release|Any CPU.ActiveCfg = Release|Any CPU
		{62634B2B-C485-41F0-9E4A-7CADD2D1AB4F}.Release|Any CPU.Build.0 = Release|Any CPU
		{7779E607-5837-40EA-9C23-7AA08E49D6C3}.Debug|Any CPU.ActiveCfg = Debug|Any CPU
		{7779E607-5837-40EA-9C23-7AA08E49D6C3}.Debug|Any CPU.Build.0 = Debug|Any CPU
		{7779E607-5837-40EA-9C23-7AA08E49D6C3}.Release|Any CPU.ActiveCfg = Release|Any CPU
		{7779E607-5837-40EA-9C23-7AA08E49D6C3}.Release|Any CPU.Build.0 = Release|Any CPU
		{54C08331-6EFE-4C90-91B1-5DD48872AE8C}.Debug|Any CPU.ActiveCfg = Debug|Any CPU
		{54C08331-6EFE-4C90-91B1-5DD48872AE8C}.Debug|Any CPU.Build.0 = Debug|Any CPU
		{54C08331-6EFE-4C90-91B1-5DD48872AE8C}.Release|Any CPU.ActiveCfg = Release|Any CPU
		{54C08331-6EFE-4C90-91B1-5DD48872AE8C}.Release|Any CPU.Build.0 = Release|Any CPU
		{B7A8BF7E-59E2-4C52-9334-42374EE8CD61}.Debug|Any CPU.ActiveCfg = Debug|Any CPU
		{B7A8BF7E-59E2-4C52-9334-42374EE8CD61}.Debug|Any CPU.Build.0 = Debug|Any CPU
		{B7A8BF7E-59E2-4C52-9334-42374EE8CD61}.Release|Any CPU.ActiveCfg = Release|Any CPU
		{B7A8BF7E-59E2-4C52-9334-42374EE8CD61}.Release|Any CPU.Build.0 = Release|Any CPU
		{6E9F745A-820A-43FD-B685-78D24547B3D5}.Debug|Any CPU.ActiveCfg = Debug|Any CPU
		{6E9F745A-820A-43FD-B685-78D24547B3D5}.Debug|Any CPU.Build.0 = Debug|Any CPU
		{6E9F745A-820A-43FD-B685-78D24547B3D5}.Release|Any CPU.ActiveCfg = Release|Any CPU
		{6E9F745A-820A-43FD-B685-78D24547B3D5}.Release|Any CPU.Build.0 = Release|Any CPU
		{55E74C9B-4868-420E-8345-EDF9B1BD5AF8}.Debug|Any CPU.ActiveCfg = Debug|Any CPU
		{55E74C9B-4868-420E-8345-EDF9B1BD5AF8}.Debug|Any CPU.Build.0 = Debug|Any CPU
		{55E74C9B-4868-420E-8345-EDF9B1BD5AF8}.Release|Any CPU.ActiveCfg = Release|Any CPU
		{55E74C9B-4868-420E-8345-EDF9B1BD5AF8}.Release|Any CPU.Build.0 = Release|Any CPU
	EndGlobalSection
	GlobalSection(SolutionProperties) = preSolution
		HideSolutionNode = FALSE
	EndGlobalSection
	GlobalSection(NestedProjects) = preSolution
		{7779E607-5837-40EA-9C23-7AA08E49D6C3} = {036A7920-85D1-4424-AD6A-E4F7A3742F8B}
		{54C08331-6EFE-4C90-91B1-5DD48872AE8C} = {036A7920-85D1-4424-AD6A-E4F7A3742F8B}
		{B7A8BF7E-59E2-4C52-9334-42374EE8CD61} = {036A7920-85D1-4424-AD6A-E4F7A3742F8B}
		{6E9F745A-820A-43FD-B685-78D24547B3D5} = {036A7920-85D1-4424-AD6A-E4F7A3742F8B}
		{55E74C9B-4868-420E-8345-EDF9B1BD5AF8} = {036A7920-85D1-4424-AD6A-E4F7A3742F8B}
	EndGlobalSection
	GlobalSection(ExtensibilityGlobals) = postSolution
		SolutionGuid = {939246C1-8023-40BB-9831-30B209472FED}
	EndGlobalSection
EndGlobal
